speakeasyVersion: 1.448.2
sources:
    openai-api-OAS:
        sourceNamespace: openai-api-oas
        sourceRevisionDigest: sha256:ac023c658cef1ba8a71ed08d94e57e6eef0009094f697ee8fcc17d324e68395a
        sourceBlobDigest: sha256:61b423fe53cea124091cf9109ccbf250b673c930eab601b721274a710f370083
        tags:
            - latest
            - speakeasy-sdk-regen-1732254212
            - 2.3.0
targets:
    openai-api:
        source: openai-api-OAS
        sourceNamespace: openai-api-oas
        sourceRevisionDigest: sha256:ac023c658cef1ba8a71ed08d94e57e6eef0009094f697ee8fcc17d324e68395a
        sourceBlobDigest: sha256:61b423fe53cea124091cf9109ccbf250b673c930eab601b721274a710f370083
        codeSamplesNamespace: openai-api-oas-go-code-samples
        codeSamplesRevisionDigest: sha256:03d5df8cb13220dd339bb2d3036685a3c99efdb94f65c2a9e79632b19e0f4867
workflow:
    workflowVersion: 1.0.0
    speakeasyVersion: latest
    sources:
        openai-api-OAS:
            inputs:
                - location: openai.yaml
            overlays:
                - location: .speakeasy/speakeasy-modifications-overlay.yaml
            registry:
                location: registry.speakeasyapi.dev/jamelt/jamelt/openai-api-oas
    targets:
        openai-api:
            target: go
            source: openai-api-OAS
            codeSamples:
                registry:
                    location: registry.speakeasyapi.dev/jamelt/jamelt/openai-api-oas-go-code-samples
                blocking: false
